// !$*UTF8*$!
{
	archiveVersion = 1;
	classes = {
	};
	objectVersion = 46;
	objects = {

/* Begin PBXBuildFile section */
		8E7A28D71C4921BF00FF97B9 /* main.m in Sources */ = {isa = PBXBuildFile; fileRef = 8E7A28D61C4921BF00FF97B9 /* main.m */; };
		8E7A28DA1C4921BF00FF97B9 /* AppDelegate.m in Sources */ = {isa = PBXBuildFile; fileRef = 8E7A28D91C4921BF00FF97B9 /* AppDelegate.m */; };
		8E7A28DD1C4921BF00FF97B9 /* ViewController.m in Sources */ = {isa = PBXBuildFile; fileRef = 8E7A28DC1C4921BF00FF97B9 /* ViewController.m */; };
		8E7A28E01C4921BF00FF97B9 /* Main.storyboard in Resources */ = {isa = PBXBuildFile; fileRef = 8E7A28DE1C4921BF00FF97B9 /* Main.storyboard */; };
		8E7A28E21C4921BF00FF97B9 /* Assets.xcassets in Resources */ = {isa = PBXBuildFile; fileRef = 8E7A28E11C4921BF00FF97B9 /* Assets.xcassets */; };
		8E7A28E51C4921BF00FF97B9 /* LaunchScreen.storyboard in Resources */ = {isa = PBXBuildFile; fileRef = 8E7A28E31C4921BF00FF97B9 /* LaunchScreen.storyboard */; };
		8E7A28ED1C49227800FF97B9 /* TrainsModel.framework in Frameworks */ = {isa = PBXBuildFile; fileRef = 8E7A28EC1C49227800FF97B9 /* TrainsModel.framework */; };
		8E7A28F91C495B9F00FF97B9 /* TrainCells.m in Sources */ = {isa = PBXBuildFile; fileRef = 8E7A28F81C495B9F00FF97B9 /* TrainCells.m */; };
/* End PBXBuildFile section */

/* Begin PBXFileReference section */
		8E7A28D21C4921BF00FF97B9 /* Trains.app */ = {isa = PBXFileReference; explicitFileType = wrapper.application; includeInIndex = 0; path = Trains.app; sourceTree = BUILT_PRODUCTS_DIR; };
		8E7A28D61C4921BF00FF97B9 /* main.m */ = {isa = PBXFileReference; lastKnownFileType = sourcecode.c.objc; path = main.m; sourceTree = "<group>"; };
		8E7A28D81C4921BF00FF97B9 /* AppDelegate.h */ = {isa = PBXFileReference; lastKnownFileType = sourcecode.c.h; path = AppDelegate.h; sourceTree = "<group>"; };
		8E7A28D91C4921BF00FF97B9 /* AppDelegate.m */ = {isa = PBXFileReference; lastKnownFileType = sourcecode.c.objc; path = AppDelegate.m; sourceTree = "<group>"; };
		8E7A28DB1C4921BF00FF97B9 /* ViewController.h */ = {isa = PBXFileReference; lastKnownFileType = sourcecode.c.h; path = ViewController.h; sourceTree = "<group>"; };
		8E7A28DC1C4921BF00FF97B9 /* ViewController.m */ = {isa = PBXFileReference; lastKnownFileType = sourcecode.c.objc; path = ViewController.m; sourceTree = "<group>"; };
		8E7A28DF1C4921BF00FF97B9 /* Base */ = {isa = PBXFileReference; lastKnownFileType = file.storyboard; name = Base; path = Base.lproj/Main.storyboard; sourceTree = "<group>"; };
		8E7A28E11C4921BF00FF97B9 /* Assets.xcassets */ = {isa = PBXFileReference; lastKnownFileType = folder.assetcatalog; path = Assets.xcassets; sourceTree = "<group>"; };
		8E7A28E41C4921BF00FF97B9 /* Base */ = {isa = PBXFileReference; lastKnownFileType = file.storyboard; name = Base; path = Base.lproj/LaunchScreen.storyboard; sourceTree = "<group>"; };
		8E7A28E61C4921BF00FF97B9 /* Info.plist */ = {isa = PBXFileReference; lastKnownFileType = text.plist.xml; path = Info.plist; sourceTree = "<group>"; };
		8E7A28EC1C49227800FF97B9 /* TrainsModel.framework */ = {isa = PBXFileReference; lastKnownFileType = wrapper.framework; name = TrainsModel.framework; path = "../../../../Library/Developer/Xcode/DerivedData/Trains-folbwyhjulijtobxgblapyedtwfo/Build/Products/Debug-iphoneos/TrainsModel.framework"; sourceTree = "<group>"; };
		8E7A28F71C495B9F00FF97B9 /* TrainCells.h */ = {isa = PBXFileReference; fileEncoding = 4; lastKnownFileType = sourcecode.c.h; path = TrainCells.h; sourceTree = "<group>"; };
		8E7A28F81C495B9F00FF97B9 /* TrainCells.m */ = {isa = PBXFileReference; fileEncoding = 4; lastKnownFileType = sourcecode.c.objc; path = TrainCells.m; sourceTree = "<group>"; };
/* End PBXFileReference section */

/* Begin PBXFrameworksBuildPhase section */
		8E7A28CF1C4921BF00FF97B9 /* Frameworks */ = {
			isa = PBXFrameworksBuildPhase;
			buildActionMask = 2147483647;
			files = (
				8E7A28ED1C49227800FF97B9 /* TrainsModel.framework in Frameworks */,
			);
			runOnlyForDeploymentPostprocessing = 0;
		};
/* End PBXFrameworksBuildPhase section */

/* Begin PBXGroup section */
		8E7A28C91C4921BF00FF97B9 = {
			isa = PBXGroup;
			children = (
				8E7A28D41C4921BF00FF97B9 /* Trains */,
				8E7A28D31C4921BF00FF97B9 /* Products */,
			);
			sourceTree = "<group>";
		};
		8E7A28D31C4921BF00FF97B9 /* Products */ = {
			isa = PBXGroup;
			children = (
				8E7A28D21C4921BF00FF97B9 /* Trains.app */,
			);
			name = Products;
			sourceTree = "<group>";
		};
		8E7A28D41C4921BF00FF97B9 /* Trains */ = {
			isa = PBXGroup;
			children = (
				8E7A28D81C4921BF00FF97B9 /* AppDelegate.h */,
				8E7A28D91C4921BF00FF97B9 /* AppDelegate.m */,
				8E7A28DB1C4921BF00FF97B9 /* ViewController.h */,
				8E7A28DC1C4921BF00FF97B9 /* ViewController.m */,
				8E7A28DE1C4921BF00FF97B9 /* Main.storyboard */,
				8E7A28E11C4921BF00FF97B9 /* Assets.xcassets */,
				8E7A28E31C4921BF00FF97B9 /* LaunchScreen.storyboard */,
				8E7A28E61C4921BF00FF97B9 /* Info.plist */,
				8E7A28D51C4921BF00FF97B9 /* Supporting Files */,
				8E7A28F71C495B9F00FF97B9 /* TrainCells.h */,
				8E7A28F81C495B9F00FF97B9 /* TrainCells.m */,
			);
			path = Trains;
			sourceTree = "<group>";
		};
		8E7A28D51C4921BF00FF97B9 /* Supporting Files */ = {
			isa = PBXGroup;
			children = (
				8E7A28EC1C49227800FF97B9 /* TrainsModel.framework */,
				8E7A28D61C4921BF00FF97B9 /* main.m */,
			);
			name = "Supporting Files";
			sourceTree = "<group>";
		};
/* End PBXGroup section */

/* Begin PBXNativeTarget section */
		8E7A28D11C4921BF00FF97B9 /* Trains */ = {
			isa = PBXNativeTarget;
			buildConfigurationList = 8E7A28E91C4921BF00FF97B9 /* Build configuration list for PBXNativeTarget "Trains" */;
			buildPhases = (
				8E7A28CE1C4921BF00FF97B9 /* Sources */,
				8E7A28CF1C4921BF00FF97B9 /* Frameworks */,
				8E7A28D01C4921BF00FF97B9 /* Resources */,
			);
			buildRules = (
			);
			dependencies = (
			);
			name = Trains;
			productName = Trains;
			productReference = 8E7A28D21C4921BF00FF97B9 /* Trains.app */;
			productType = "com.apple.product-type.application";
		};
/* End PBXNativeTarget section */

/* Begin PBXProject section */
		8E7A28CA1C4921BF00FF97B9 /* Project object */ = {
			isa = PBXProject;
			attributes = {
				LastUpgradeCheck = 0720;
				ORGANIZATIONNAME = Figure8;
				TargetAttributes = {
					8E7A28D11C4921BF00FF97B9 = {
						CreatedOnToolsVersion = 7.2;
					};
				};
			};
			buildConfigurationList = 8E7A28CD1C4921BF00FF97B9 /* Build configuration list for PBXProject "Trains" */;
			compatibilityVersion = "Xcode 3.2";
			developmentRegion = English;
			hasScannedForEncodings = 0;
			knownRegions = (
				en,
				Base,
			);
			mainGroup = 8E7A28C91C4921BF00FF97B9;
			productRefGroup = 8E7A28D31C4921BF00FF97B9 /* Products */;
			projectDirPath = "";
			projectRoot = "";
			targets = (
				8E7A28D11C4921BF00FF97B9 /* Trains */,
			);
		};
/* End PBXProject section */

/* Begin PBXResourcesBuildPhase section */
		8E7A28D01C4921BF00FF97B9 /* Resources */ = {
			isa = PBXResourcesBuildPhase;
			buildActionMask = 2147483647;
			files = (
				8E7A28E51C4921BF00FF97B9 /* LaunchScreen.storyboard in Resources */,
				8E7A28E21C4921BF00FF97B9 /* Assets.xcassets in Resources */,
				8E7A28E01C4921BF00FF97B9 /* Main.storyboard in Resources */,
			);
			runOnlyForDeploymentPostprocessing = 0;
		};
/* End PBXResourcesBuildPhase section */

/* Begin PBXSourcesBuildPhase section */
		8E7A28CE1C4921BF00FF97B9 /* Sources */ = {
			isa = PBXSourcesBuildPhase;
			buildActionMask = 2147483647;
			files = (
				8E7A28F91C495B9F00FF97B9 /* TrainCells.m in Sources */,
				8E7A28DD1C4921BF00FF97B9 /* ViewController.m in Sources */,
				8E7A28DA1C4921BF00FF97B9 /* AppDelegate.m in Sources */,
				8E7A28D71C4921BF00FF97B9 /* main.m in Sources */,
			);
			runOnlyForDeploymentPostprocessing = 0;
		};
/* End PBXSourcesBuildPhase section */

/* Begin PBXVariantGroup section */
		8E7A28DE1C4921BF00FF97B9 /* Main.storyboard */ = {
			isa = PBXVariantGroup;
			children = (
				8E7A28DF1C4921BF00FF97B9 /* Base */,
			);
			name = Main.storyboard;
			sourceTree = "<group>";
		};
		8E7A28E31C4921BF00FF97B9 /* LaunchScreen.storyboard */ = {
			isa = PBXVariantGroup;
			children = (
				8E7A28E41C4921BF00FF97B9 /* Base */,
			);
			name = LaunchScreen.storyboard;
			sourceTree = "<group>";
		};
/* End PBXVariantGroup section */

/* Begin XCBuildConfiguration section */
		8E7A28E71C4921BF00FF97B9 /* Debug */ = {
			isa = XCBuildConfiguration;
			buildSettings = {
				ALWAYS_SEARCH_USER_PATHS = NO;
				CLANG_CXX_LANGUAGE_STANDARD = "gnu++0x";
				CLANG_CXX_LIBRARY = "libc++";
				CLANG_ENABLE_MODULES = YES;
				CLANG_ENABLE_OBJC_ARC = YES;
				CLANG_WARN_BOOL_CONVERSION = YES;
				CLANG_WARN_CONSTANT_CONVERSION = YES;
				CLANG_WARN_DIRECT_OBJC_ISA_USAGE = YES_ERROR;
				CLANG_WARN_EMPTY_BODY = YES;
				CLANG_WARN_ENUM_CONVERSION = YES;
				CLANG_WARN_INT_CONVERSION = YES;
				CLANG_WARN_OBJC_ROOT_CLASS = YES_ERROR;
				CLANG_WARN_UNREACHABLE_CODE = YES;
				CLANG_WARN__DUPLICATE_METHOD_MATCH = YES;
				"CODE_SIGN_IDENTITY[sdk=iphoneos*]" = "iPhone Developer";
				COPY_PHASE_STRIP = NO;
				DEBUG_INFORMATION_FORMAT = dwarf;
				ENABLE_STRICT_OBJC_MSGSEND = YES;
				ENABLE_TESTABILITY = YES;
				GCC_C_LANGUAGE_STANDARD = gnu99;
				GCC_DYNAMIC_NO_PIC = NO;
				GCC_NO_COMMON_BLOCKS = YES;
				GCC_OPTIMIZATION_LEVEL = 0;
				GCC_PREPROCESSOR_DEFINITIONS = (
					"DEBUG=1",
					"$(inherited)",
				);
				GCC_WARN_64_TO_32_BIT_CONVERSION = YES;
				GCC_WARN_ABOUT_RETURN_TYPE = YES_ERROR;
				GCC_WARN_UNDECLARED_SELECTOR = YES;
				GCC_WARN_UNINITIALIZED_AUTOS = YES_AGGRESSIVE;
				GCC_WARN_UNUSED_FUNCTION = YES;
				GCC_WARN_UNUSED_VARIABLE = YES;
				HEADER_SEARCH_PATHS = /usr/include/libxml2;
				IPHONEOS_DEPLOYMENT_TARGET = 9.2;
				MTL_ENABLE_DEBUG_INFO = YES;
				ONLY_ACTIVE_ARCH = YES;
				OTHER_LDFLAGS = "-lxml2";
				SDKROOT = iphoneos;
				TARGETED_DEVICE_FAMILY = "1,2";
			};
			name = Debug;
		};
		8E7A28E81C4921BF00FF97B9 /* Release */ = {
			isa = XCBuildConfiguration;
			buildSettings = {
				ALWAYS_SEARCH_USER_PATHS = NO;
				CLANG_CXX_LANGUAGE_STANDARD = "gnu++0x";
				CLANG_CXX_LIBRARY = "libc++";
				CLANG_ENABLE_MODULES = YES;
				CLANG_ENABLE_OBJC_ARC = YES;
				CLANG_WARN_BOOL_CONVERSION = YES;
				CLANG_WARN_CONSTANT_CONVERSION = YES;
				CLANG_WARN_DIRECT_OBJC_ISA_USAGE = YES_ERROR;
				CLANG_WARN_EMPTY_BODY = YES;
				CLANG_WARN_ENUM_CONVERSION = YES;
				CLANG_WARN_INT_CONVERSION = YES;
				CLANG_WARN_OBJC_ROOT_CLASS = YES_ERROR;
				CLANG_WARN_UNREACHABLE_CODE = YES;
				CLANG_WARN__DUPLICATE_METHOD_MATCH = YES;
				"CODE_SIGN_IDENTITY[sdk=iphoneos*]" = "iPhone Developer";
				COPY_PHASE_STRIP = NO;
				DEBUG_INFORMATION_FORMAT = "dwarf-with-dsym";
				ENABLE_NS_ASSERTIONS = NO;
				ENABLE_STRICT_OBJC_MSGSEND = YES;
				GCC_C_LANGUAGE_STANDARD = gnu99;
				GCC_NO_COMMON_BLOCKS = YES;
				GCC_WARN_64_TO_32_BIT_CONVERSION = YES;
				GCC_WARN_ABOUT_RETURN_TYPE = YES_ERROR;
				GCC_WARN_UNDECLARED_SELECTOR = YES;
				GCC_WARN_UNINITIALIZED_AUTOS = YES_AGGRESSIVE;
				GCC_WARN_UNUSED_FUNCTION = YES;
				GCC_WARN_UNUSED_VARIABLE = YES;
				HEADER_SEARCH_PATHS = /usr/include/libxml2;
				IPHONEOS_DEPLOYMENT_TARGET = 9.2;
				MTL_ENABLE_DEBUG_INFO = NO;
				OTHER_LDFLAGS = "-lxml2";
				SDKROOT = iphoneos;
				TARGETED_DEVICE_FAMILY = "1,2";
				VALIDATE_PRODUCT = YES;
			};
			name = Release;
		};
		8E7A28EA1C4921BF00FF97B9 /* Debug */ = {
			isa = XCBuildConfiguration;
			buildSettings = {
				ASSETCATALOG_COMPILER_APPICON_NAME = AppIcon;
				INFOPLIST_FILE = Trains/Info.plist;
				IPHONEOS_DEPLOYMENT_TARGET = 8.1;
				LD_RUNPATH_SEARCH_PATHS = "$(inherited) @executable_path/Frameworks";
				PRODUCT_BUNDLE_IDENTIFIER = pl.figure8.Trains;
				PRODUCT_NAME = "$(TARGET_NAME)";
			};
			name = Debug;
		};
		8E7A28EB1C4921BF00FF97B9 /* Release */ = {
			isa = XCBuildConfiguration;
			buildSettings = {
				ASSETCATALOG_COMPILER_APPICON_NAME = AppIcon;
				INFOPLIST_FILE = Trains/Info.plist;
				IPHONEOS_DEPLOYMENT_TARGET = 8.1;
				LD_RUNPATH_SEARCH_PATHS = "$(inherited) @executable_path/Frameworks";
				PRODUCT_BUNDLE_IDENTIFIER = pl.figure8.Trains;
				PRODUCT_NAME = "$(TARGET_NAME)";
			};
			name = Release;
		};
/* End XCBuildConfiguration section */

/* Begin XCConfigurationList section */
		8E7A28CD1C4921BF00FF97B9 /* Build configuration list for PBXProject "Trains" */ = {
			isa = XCConfigurationList;
			buildConfigurations = (
				8E7A28E71C4921BF00FF97B9 /* Debug */,
				8E7A28E81C4921BF00FF97B9 /* Release */,
			);
			defaultConfigurationIsVisible = 0;
			defaultConfigurationName = Release;
		};
		8E7A28E91C4921BF00FF97B9 /* Build configuration list for PBXNativeTarget "Trains" */ = {
			isa = XCConfigurationList;
			buildConfigurations = (
				8E7A28EA1C4921BF00FF97B9 /* Debug */,
				8E7A28EB1C4921BF00FF97B9 /* Release */,
			);
			defaultConfigurationIsVisible = 0;
			defaultConfigurationName = Release;
		};
/* End XCConfigurationList section */
	};
	rootObject = 8E7A28CA1C4921BF00FF97B9 /* Project object */;
}
